
Microsoft Visual Studio Solution File, Format Version 12.00
# Visual Studio Version 17
VisualStudioVersion = 17.7.34221.43
MinimumVisualStudioVersion = 10.0.40219.1
Project("{FAE04EC0-301F-11D3-BF4B-00C04F79EFBC}") = "VehicleData", "VehicleData.csproj", "{7D71E99B-9A6A-48B8-8047-46CC521EE22F}"
EndProject
Global
	GlobalSection(SolutionConfigurationPlatforms) = preSolution
		Debug|Any CPU = Debug|Any CPU
		Release|Any CPU = Release|Any CPU
	EndGlobalSection
	GlobalSection(ProjectConfigurationPlatforms) = postSolution
		{7D71E99B-9A6A-48B8-8047-46CC521EE22F}.Debug|Any CPU.ActiveCfg = Debug|Any CPU
		{7D71E99B-9A6A-48B8-8047-46CC521EE22F}.Debug|Any CPU.Build.0 = Debug|Any CPU
		{7D71E99B-9A6A-48B8-8047-46CC521EE22F}.Release|Any CPU.ActiveCfg = Release|Any CPU
		{7D71E99B-9A6A-48B8-8047-46CC521EE22F}.Release|Any CPU.Build.0 = Release|Any CPU
	EndGlobalSection
	GlobalSection(SolutionProperties) = preSolution
		HideSolutionNode = FALSE
	EndGlobalSection
	GlobalSection(ExtensibilityGlobals) = postSolution
		SolutionGuid = {EF1E12D6-288D-4DEE-8C95-E0A010D7FC10}
	EndGlobalSection
EndGlobal
